[root]
name = "rampeditor"
version = "0.1.0"
dependencies = [
 "color 1.0.0 (git+https://github.com/skyschermer/color-rs)",
 "interval 0.9.3 (git+https://github.com/skyschermer/interval-rs)",
]

[[package]]
name = "color"
version = "1.0.0"
source = "git+https://github.com/skyschermer/color-rs#166d07526a41c574971437fbbb4b060fdba90424"

[[package]]
name = "interval"
version = "0.9.3"
source = "git+https://github.com/skyschermer/interval-rs#6ea94b084d9dc706f5fd681e23c99de1bde9cadd"

[metadata]
"checksum color 1.0.0 (git+https://github.com/skyschermer/color-rs)" = "<none>"
"checksum interval 0.9.3 (git+https://github.com/skyschermer/interval-rs)" = "<none>"
